
Microsoft Visual Studio Solution File, Format Version 12.00
# Visual Studio Version 16
VisualStudioVersion = 16.0.29613.14
MinimumVisualStudioVersion = 10.0.40219.1
Project("{FAE04EC0-301F-11D3-BF4B-00C04F79EFBC}") = "WpfApp", "WpfApp\WpfApp.csproj", "{0DE30B05-D5EF-4BC4-8BE1-491726822EE5}"
EndProject
Project("{FAE04EC0-301F-11D3-BF4B-00C04F79EFBC}") = "WebApplication", "WebApplication\WebApplication.csproj", "{B45B5B2D-7584-46EC-8222-D5E177391DD4}"
EndProject
Global
	GlobalSection(SolutionConfigurationPlatforms) = preSolution
		Debug|Any CPU = Debug|Any CPU
		Release|Any CPU = Release|Any CPU
	EndGlobalSection
	GlobalSection(ProjectConfigurationPlatforms) = postSolution
		{0DE30B05-D5EF-4BC4-8BE1-491726822EE5}.Debug|Any CPU.ActiveCfg = Debug|Any CPU
		{0DE30B05-D5EF-4BC4-8BE1-491726822EE5}.Debug|Any CPU.Build.0 = Debug|Any CPU
		{0DE30B05-D5EF-4BC4-8BE1-491726822EE5}.Release|Any CPU.ActiveCfg = Release|Any CPU
		{0DE30B05-D5EF-4BC4-8BE1-491726822EE5}.Release|Any CPU.Build.0 = Release|Any CPU
		{B45B5B2D-7584-46EC-8222-D5E177391DD4}.Debug|Any CPU.ActiveCfg = Debug|Any CPU
		{B45B5B2D-7584-46EC-8222-D5E177391DD4}.Debug|Any CPU.Build.0 = Debug|Any CPU
		{B45B5B2D-7584-46EC-8222-D5E177391DD4}.Release|Any CPU.ActiveCfg = Release|Any CPU
		{B45B5B2D-7584-46EC-8222-D5E177391DD4}.Release|Any CPU.Build.0 = Release|Any CPU
	EndGlobalSection
	GlobalSection(SolutionProperties) = preSolution
		HideSolutionNode = FALSE
	EndGlobalSection
	GlobalSection(ExtensibilityGlobals) = postSolution
		SolutionGuid = {68AFA1B7-8029-4877-A250-6C6045496541}
	EndGlobalSection
EndGlobal
