
Microsoft Visual Studio Solution File, Format Version 12.00
# Visual Studio Version 16
VisualStudioVersion = 16.0.29613.14
MinimumVisualStudioVersion = 10.0.40219.1
Project("{FAE04EC0-301F-11D3-BF4B-00C04F79EFBC}") = "WpfApp", "WpfApp\WpfApp.csproj", "{6FE35FB8-0035-4798-AE60-591509BF1AC8}"
EndProject
Global
	GlobalSection(SolutionConfigurationPlatforms) = preSolution
		Debug|Any CPU = Debug|Any CPU
		Release|Any CPU = Release|Any CPU
	EndGlobalSection
	GlobalSection(ProjectConfigurationPlatforms) = postSolution
		{6FE35FB8-0035-4798-AE60-591509BF1AC8}.Debug|Any CPU.ActiveCfg = Debug|Any CPU
		{6FE35FB8-0035-4798-AE60-591509BF1AC8}.Debug|Any CPU.Build.0 = Debug|Any CPU
		{6FE35FB8-0035-4798-AE60-591509BF1AC8}.Release|Any CPU.ActiveCfg = Release|Any CPU
		{6FE35FB8-0035-4798-AE60-591509BF1AC8}.Release|Any CPU.Build.0 = Release|Any CPU
	EndGlobalSection
	GlobalSection(SolutionProperties) = preSolution
		HideSolutionNode = FALSE
	EndGlobalSection
	GlobalSection(ExtensibilityGlobals) = postSolution
		SolutionGuid = {A308D9DD-0508-40E2-94F7-EA73EAD8B574}
	EndGlobalSection
EndGlobal
