
Microsoft Visual Studio Solution File, Format Version 12.00
# Visual Studio 15
VisualStudioVersion = 15.0.28307.106
MinimumVisualStudioVersion = 10.0.40219.1
Project("{9A19103F-16F7-4668-BE54-9A1E7A4F7556}") = "Speech", "Speech.csproj", "{BD1E76E0-1600-40EF-B2B8-47A92F524954}"
EndProject
Global
	GlobalSection(SolutionConfigurationPlatforms) = preSolution
		Debug|Any CPU = Debug|Any CPU
		Release|Any CPU = Release|Any CPU
	EndGlobalSection
	GlobalSection(ProjectConfigurationPlatforms) = postSolution
		{BD1E76E0-1600-40EF-B2B8-47A92F524954}.Debug|Any CPU.ActiveCfg = Debug|Any CPU
		{BD1E76E0-1600-40EF-B2B8-47A92F524954}.Debug|Any CPU.Build.0 = Debug|Any CPU
		{BD1E76E0-1600-40EF-B2B8-47A92F524954}.Release|Any CPU.ActiveCfg = Release|Any CPU
		{BD1E76E0-1600-40EF-B2B8-47A92F524954}.Release|Any CPU.Build.0 = Release|Any CPU
	EndGlobalSection
	GlobalSection(SolutionProperties) = preSolution
		HideSolutionNode = FALSE
	EndGlobalSection
	GlobalSection(ExtensibilityGlobals) = postSolution
		SolutionGuid = {813E0DE6-D905-4AEB-9A98-862FEF2B19B7}
	EndGlobalSection
EndGlobal
